
Microsoft Visual Studio Solution File, Format Version 12.00
# Visual Studio Version 17
VisualStudioVersion = 17.11.35312.102
MinimumVisualStudioVersion = 10.0.40219.1
Project("{FAE04EC0-301F-11D3-BF4B-00C04F79EFBC}") = "Article01", "Article01\Article01.csproj", "{13F7A8A8-C03F-4B54-ADEB-90DD1B8BD49B}"
EndProject
Project("{FAE04EC0-301F-11D3-BF4B-00C04F79EFBC}") = "Article2", "..\Article2\Article2.csproj", "{1512045D-637C-4DDF-AF3F-C982A70D40B0}"
EndProject
Project("{FAE04EC0-301F-11D3-BF4B-00C04F79EFBC}") = "Quanly", "Quanly\Quanly.csproj", "{1A1A58CF-58FD-4802-B8E4-FE8CD67169B2}"
EndProject
Global
	GlobalSection(SolutionConfigurationPlatforms) = preSolution
		Debug|Any CPU = Debug|Any CPU
		Release|Any CPU = Release|Any CPU
	EndGlobalSection
	GlobalSection(ProjectConfigurationPlatforms) = postSolution
		{13F7A8A8-C03F-4B54-ADEB-90DD1B8BD49B}.Debug|Any CPU.ActiveCfg = Debug|Any CPU
		{13F7A8A8-C03F-4B54-ADEB-90DD1B8BD49B}.Debug|Any CPU.Build.0 = Debug|Any CPU
		{13F7A8A8-C03F-4B54-ADEB-90DD1B8BD49B}.Release|Any CPU.ActiveCfg = Release|Any CPU
		{13F7A8A8-C03F-4B54-ADEB-90DD1B8BD49B}.Release|Any CPU.Build.0 = Release|Any CPU
		{1512045D-637C-4DDF-AF3F-C982A70D40B0}.Debug|Any CPU.ActiveCfg = Debug|Any CPU
		{1512045D-637C-4DDF-AF3F-C982A70D40B0}.Debug|Any CPU.Build.0 = Debug|Any CPU
		{1512045D-637C-4DDF-AF3F-C982A70D40B0}.Release|Any CPU.ActiveCfg = Release|Any CPU
		{1512045D-637C-4DDF-AF3F-C982A70D40B0}.Release|Any CPU.Build.0 = Release|Any CPU
		{1A1A58CF-58FD-4802-B8E4-FE8CD67169B2}.Debug|Any CPU.ActiveCfg = Debug|Any CPU
		{1A1A58CF-58FD-4802-B8E4-FE8CD67169B2}.Debug|Any CPU.Build.0 = Debug|Any CPU
		{1A1A58CF-58FD-4802-B8E4-FE8CD67169B2}.Release|Any CPU.ActiveCfg = Release|Any CPU
		{1A1A58CF-58FD-4802-B8E4-FE8CD67169B2}.Release|Any CPU.Build.0 = Release|Any CPU
	EndGlobalSection
	GlobalSection(SolutionProperties) = preSolution
		HideSolutionNode = FALSE
	EndGlobalSection
	GlobalSection(ExtensibilityGlobals) = postSolution
		SolutionGuid = {E44D7F62-7B9D-4893-8FFF-CC75CF8C4856}
	EndGlobalSection
EndGlobal
