
Microsoft Visual Studio Solution File, Format Version 12.00
# Visual Studio Version 17
VisualStudioVersion = 17.11.35312.102
MinimumVisualStudioVersion = 10.0.40219.1
Project("{9A19103F-16F7-4668-BE54-9A1E7A4F7556}") = "Article 01", "Example01\Article 01.csproj", "{35AA45CA-7968-4BB1-8D7B-901B2376CCCC}"
EndProject
Project("{2150E333-8FDC-42A3-9474-1A3956D46DE8}") = "Solution Items", "Solution Items", "{A85BB50C-C124-4FFF-9B5D-0E27CF0AA0E2}"
	ProjectSection(SolutionItems) = preProject
		.editorconfig = .editorconfig
	EndProjectSection
EndProject
Project("{9A19103F-16F7-4668-BE54-9A1E7A4F7556}") = "Article05", "Example02\Article05.csproj", "{C4BEB333-9BCF-4414-BF8A-D506F2DCD2D0}"
EndProject
Project("{9A19103F-16F7-4668-BE54-9A1E7A4F7556}") = "Article06", "Ex-06\Article06.csproj", "{DB13CE01-3AD0-4613-8E77-0B42E7026B8D}"
EndProject
Project("{9A19103F-16F7-4668-BE54-9A1E7A4F7556}") = "Article07", "Article07\Article07.csproj", "{DAA09687-9DFD-489C-8BC9-9D18D698F5D6}"
EndProject
Project("{9A19103F-16F7-4668-BE54-9A1E7A4F7556}") = "Article08", "Article08\Article08.csproj", "{C3D11D24-FCE1-4F7A-A439-3FED46D365F0}"
EndProject
Project("{9A19103F-16F7-4668-BE54-9A1E7A4F7556}") = "Article09", "Article09\Article09.csproj", "{6FE7090C-1EF8-4A75-9B06-97C1E5B0A514}"
EndProject
Project("{9A19103F-16F7-4668-BE54-9A1E7A4F7556}") = "Article10", "Article10\Article10.csproj", "{945E6D28-0867-462D-8004-3025B7D6E5E5}"
EndProject
Project("{9A19103F-16F7-4668-BE54-9A1E7A4F7556}") = "Article11", "Article11\Article11.csproj", "{679E2E35-216A-4565-80B8-8FF5D3BBE112}"
EndProject
Project("{9A19103F-16F7-4668-BE54-9A1E7A4F7556}") = "Article12", "Article12\Article12.csproj", "{472E7707-5731-47AC-AFC6-F4BD3F8697EE}"
EndProject
Project("{9A19103F-16F7-4668-BE54-9A1E7A4F7556}") = "Article13", "Article13\Article13.csproj", "{1E720DEA-1E0D-471F-AE10-29C9B0D00B2F}"
EndProject
Project("{9A19103F-16F7-4668-BE54-9A1E7A4F7556}") = "Article14", "Article14\Article14.csproj", "{5C834B53-A81B-40D9-A0D1-1336A2CA339F}"
EndProject
Project("{9A19103F-16F7-4668-BE54-9A1E7A4F7556}") = "Article15", "Article15\Article15.csproj", "{D17B7FE0-88DA-403A-A6F7-B257F7C7D378}"
EndProject
Project("{9A19103F-16F7-4668-BE54-9A1E7A4F7556}") = "Article16", "Article16\Article16.csproj", "{EE6686CC-17E5-4616-9931-FEC5DF369403}"
EndProject
Project("{9A19103F-16F7-4668-BE54-9A1E7A4F7556}") = "Article17", "Article17\Article17.csproj", "{95E3F146-4922-4859-9A48-1E185304A3C2}"
EndProject
Project("{9A19103F-16F7-4668-BE54-9A1E7A4F7556}") = "Article18", "Article18\Article18.csproj", "{1401327A-D10D-4A08-9686-84792330BA5E}"
EndProject
Project("{9A19103F-16F7-4668-BE54-9A1E7A4F7556}") = "Article19", "Article19\Article19.csproj", "{2F356546-6D83-4B3D-A6F7-D12BB906D797}"
EndProject
Project("{9A19103F-16F7-4668-BE54-9A1E7A4F7556}") = "Article20", "Article20\Article20.csproj", "{49D51501-B7F4-4CEF-83EC-8A77923D4CD8}"
EndProject
Project("{9A19103F-16F7-4668-BE54-9A1E7A4F7556}") = "Article21", "Article21\Article21.csproj", "{ECA1973E-692E-47FD-A57D-D8E8CEE7907F}"
EndProject
Project("{9A19103F-16F7-4668-BE54-9A1E7A4F7556}") = "Article22", "Article22\Article22.csproj", "{9B0F1E90-0A11-45FE-B43F-F984B6D6C802}"
EndProject
Project("{9A19103F-16F7-4668-BE54-9A1E7A4F7556}") = "Article23", "Article23\Article23.csproj", "{B51DC330-F734-4BF1-9CE7-8A3DB1B35BC3}"
EndProject
Project("{9A19103F-16F7-4668-BE54-9A1E7A4F7556}") = "Article25", "Article25\Article25.csproj", "{C4DC610D-9DAC-47C0-99A5-69A0AAFC4EEA}"
EndProject
Project("{9A19103F-16F7-4668-BE54-9A1E7A4F7556}") = "Article24", "Article24\Article24.csproj", "{458C71C4-F4A7-4974-990C-FEE020611370}"
EndProject
Project("{9A19103F-16F7-4668-BE54-9A1E7A4F7556}") = "Article26", "Article26\Article26.csproj", "{CEFBC439-F015-4EE6-A2F1-12CE25EC7B4C}"
EndProject
Project("{9A19103F-16F7-4668-BE54-9A1E7A4F7556}") = "Article28", "Article28\Article28.csproj", "{67AA657B-F1F0-4A0D-A7A7-1BB8075EDCDF}"
EndProject
Project("{9A19103F-16F7-4668-BE54-9A1E7A4F7556}") = "Article27", "Article27\Article27.csproj", "{A0811F44-0B6E-4736-A321-0308F470A763}"
EndProject
Project("{9A19103F-16F7-4668-BE54-9A1E7A4F7556}") = "WinFormsApp1", "WinFormsApp1\WinFormsApp1.csproj", "{CBA05BD2-CF02-4D76-9F6B-40D0EAFF32AD}"
EndProject
Project("{FAE04EC0-301F-11D3-BF4B-00C04F79EFBC}") = "menu", "menu\menu.csproj", "{F565ED11-B882-4091-97BF-E56580D12643}"
EndProject
Global
	GlobalSection(SolutionConfigurationPlatforms) = preSolution
		Debug|Any CPU = Debug|Any CPU
		Release|Any CPU = Release|Any CPU
	EndGlobalSection
	GlobalSection(ProjectConfigurationPlatforms) = postSolution
		{35AA45CA-7968-4BB1-8D7B-901B2376CCCC}.Debug|Any CPU.ActiveCfg = Debug|Any CPU
		{35AA45CA-7968-4BB1-8D7B-901B2376CCCC}.Debug|Any CPU.Build.0 = Debug|Any CPU
		{35AA45CA-7968-4BB1-8D7B-901B2376CCCC}.Release|Any CPU.ActiveCfg = Release|Any CPU
		{35AA45CA-7968-4BB1-8D7B-901B2376CCCC}.Release|Any CPU.Build.0 = Release|Any CPU
		{C4BEB333-9BCF-4414-BF8A-D506F2DCD2D0}.Debug|Any CPU.ActiveCfg = Debug|Any CPU
		{C4BEB333-9BCF-4414-BF8A-D506F2DCD2D0}.Debug|Any CPU.Build.0 = Debug|Any CPU
		{C4BEB333-9BCF-4414-BF8A-D506F2DCD2D0}.Release|Any CPU.ActiveCfg = Release|Any CPU
		{C4BEB333-9BCF-4414-BF8A-D506F2DCD2D0}.Release|Any CPU.Build.0 = Release|Any CPU
		{DB13CE01-3AD0-4613-8E77-0B42E7026B8D}.Debug|Any CPU.ActiveCfg = Debug|Any CPU
		{DB13CE01-3AD0-4613-8E77-0B42E7026B8D}.Debug|Any CPU.Build.0 = Debug|Any CPU
		{DB13CE01-3AD0-4613-8E77-0B42E7026B8D}.Release|Any CPU.ActiveCfg = Release|Any CPU
		{DB13CE01-3AD0-4613-8E77-0B42E7026B8D}.Release|Any CPU.Build.0 = Release|Any CPU
		{DAA09687-9DFD-489C-8BC9-9D18D698F5D6}.Debug|Any CPU.ActiveCfg = Debug|Any CPU
		{DAA09687-9DFD-489C-8BC9-9D18D698F5D6}.Debug|Any CPU.Build.0 = Debug|Any CPU
		{DAA09687-9DFD-489C-8BC9-9D18D698F5D6}.Release|Any CPU.ActiveCfg = Release|Any CPU
		{DAA09687-9DFD-489C-8BC9-9D18D698F5D6}.Release|Any CPU.Build.0 = Release|Any CPU
		{C3D11D24-FCE1-4F7A-A439-3FED46D365F0}.Debug|Any CPU.ActiveCfg = Debug|Any CPU
		{C3D11D24-FCE1-4F7A-A439-3FED46D365F0}.Debug|Any CPU.Build.0 = Debug|Any CPU
		{C3D11D24-FCE1-4F7A-A439-3FED46D365F0}.Release|Any CPU.ActiveCfg = Release|Any CPU
		{C3D11D24-FCE1-4F7A-A439-3FED46D365F0}.Release|Any CPU.Build.0 = Release|Any CPU
		{6FE7090C-1EF8-4A75-9B06-97C1E5B0A514}.Debug|Any CPU.ActiveCfg = Debug|Any CPU
		{6FE7090C-1EF8-4A75-9B06-97C1E5B0A514}.Debug|Any CPU.Build.0 = Debug|Any CPU
		{6FE7090C-1EF8-4A75-9B06-97C1E5B0A514}.Release|Any CPU.ActiveCfg = Release|Any CPU
		{6FE7090C-1EF8-4A75-9B06-97C1E5B0A514}.Release|Any CPU.Build.0 = Release|Any CPU
		{945E6D28-0867-462D-8004-3025B7D6E5E5}.Debug|Any CPU.ActiveCfg = Debug|Any CPU
		{945E6D28-0867-462D-8004-3025B7D6E5E5}.Debug|Any CPU.Build.0 = Debug|Any CPU
		{945E6D28-0867-462D-8004-3025B7D6E5E5}.Release|Any CPU.ActiveCfg = Release|Any CPU
		{945E6D28-0867-462D-8004-3025B7D6E5E5}.Release|Any CPU.Build.0 = Release|Any CPU
		{679E2E35-216A-4565-80B8-8FF5D3BBE112}.Debug|Any CPU.ActiveCfg = Debug|Any CPU
		{679E2E35-216A-4565-80B8-8FF5D3BBE112}.Debug|Any CPU.Build.0 = Debug|Any CPU
		{679E2E35-216A-4565-80B8-8FF5D3BBE112}.Release|Any CPU.ActiveCfg = Release|Any CPU
		{679E2E35-216A-4565-80B8-8FF5D3BBE112}.Release|Any CPU.Build.0 = Release|Any CPU
		{472E7707-5731-47AC-AFC6-F4BD3F8697EE}.Debug|Any CPU.ActiveCfg = Debug|Any CPU
		{472E7707-5731-47AC-AFC6-F4BD3F8697EE}.Debug|Any CPU.Build.0 = Debug|Any CPU
		{472E7707-5731-47AC-AFC6-F4BD3F8697EE}.Release|Any CPU.ActiveCfg = Release|Any CPU
		{472E7707-5731-47AC-AFC6-F4BD3F8697EE}.Release|Any CPU.Build.0 = Release|Any CPU
		{1E720DEA-1E0D-471F-AE10-29C9B0D00B2F}.Debug|Any CPU.ActiveCfg = Debug|Any CPU
		{1E720DEA-1E0D-471F-AE10-29C9B0D00B2F}.Debug|Any CPU.Build.0 = Debug|Any CPU
		{1E720DEA-1E0D-471F-AE10-29C9B0D00B2F}.Release|Any CPU.ActiveCfg = Release|Any CPU
		{1E720DEA-1E0D-471F-AE10-29C9B0D00B2F}.Release|Any CPU.Build.0 = Release|Any CPU
		{5C834B53-A81B-40D9-A0D1-1336A2CA339F}.Debug|Any CPU.ActiveCfg = Debug|Any CPU
		{5C834B53-A81B-40D9-A0D1-1336A2CA339F}.Debug|Any CPU.Build.0 = Debug|Any CPU
		{5C834B53-A81B-40D9-A0D1-1336A2CA339F}.Release|Any CPU.ActiveCfg = Release|Any CPU
		{5C834B53-A81B-40D9-A0D1-1336A2CA339F}.Release|Any CPU.Build.0 = Release|Any CPU
		{D17B7FE0-88DA-403A-A6F7-B257F7C7D378}.Debug|Any CPU.ActiveCfg = Debug|Any CPU
		{D17B7FE0-88DA-403A-A6F7-B257F7C7D378}.Debug|Any CPU.Build.0 = Debug|Any CPU
		{D17B7FE0-88DA-403A-A6F7-B257F7C7D378}.Release|Any CPU.ActiveCfg = Release|Any CPU
		{D17B7FE0-88DA-403A-A6F7-B257F7C7D378}.Release|Any CPU.Build.0 = Release|Any CPU
		{EE6686CC-17E5-4616-9931-FEC5DF369403}.Debug|Any CPU.ActiveCfg = Debug|Any CPU
		{EE6686CC-17E5-4616-9931-FEC5DF369403}.Debug|Any CPU.Build.0 = Debug|Any CPU
		{EE6686CC-17E5-4616-9931-FEC5DF369403}.Release|Any CPU.ActiveCfg = Release|Any CPU
		{EE6686CC-17E5-4616-9931-FEC5DF369403}.Release|Any CPU.Build.0 = Release|Any CPU
		{95E3F146-4922-4859-9A48-1E185304A3C2}.Debug|Any CPU.ActiveCfg = Debug|Any CPU
		{95E3F146-4922-4859-9A48-1E185304A3C2}.Debug|Any CPU.Build.0 = Debug|Any CPU
		{95E3F146-4922-4859-9A48-1E185304A3C2}.Release|Any CPU.ActiveCfg = Release|Any CPU
		{95E3F146-4922-4859-9A48-1E185304A3C2}.Release|Any CPU.Build.0 = Release|Any CPU
		{1401327A-D10D-4A08-9686-84792330BA5E}.Debug|Any CPU.ActiveCfg = Debug|Any CPU
		{1401327A-D10D-4A08-9686-84792330BA5E}.Debug|Any CPU.Build.0 = Debug|Any CPU
		{1401327A-D10D-4A08-9686-84792330BA5E}.Release|Any CPU.ActiveCfg = Release|Any CPU
		{1401327A-D10D-4A08-9686-84792330BA5E}.Release|Any CPU.Build.0 = Release|Any CPU
		{2F356546-6D83-4B3D-A6F7-D12BB906D797}.Debug|Any CPU.ActiveCfg = Debug|Any CPU
		{2F356546-6D83-4B3D-A6F7-D12BB906D797}.Debug|Any CPU.Build.0 = Debug|Any CPU
		{2F356546-6D83-4B3D-A6F7-D12BB906D797}.Release|Any CPU.ActiveCfg = Release|Any CPU
		{2F356546-6D83-4B3D-A6F7-D12BB906D797}.Release|Any CPU.Build.0 = Release|Any CPU
		{49D51501-B7F4-4CEF-83EC-8A77923D4CD8}.Debug|Any CPU.ActiveCfg = Debug|Any CPU
		{49D51501-B7F4-4CEF-83EC-8A77923D4CD8}.Debug|Any CPU.Build.0 = Debug|Any CPU
		{49D51501-B7F4-4CEF-83EC-8A77923D4CD8}.Release|Any CPU.ActiveCfg = Release|Any CPU
		{49D51501-B7F4-4CEF-83EC-8A77923D4CD8}.Release|Any CPU.Build.0 = Release|Any CPU
		{ECA1973E-692E-47FD-A57D-D8E8CEE7907F}.Debug|Any CPU.ActiveCfg = Debug|Any CPU
		{ECA1973E-692E-47FD-A57D-D8E8CEE7907F}.Debug|Any CPU.Build.0 = Debug|Any CPU
		{ECA1973E-692E-47FD-A57D-D8E8CEE7907F}.Release|Any CPU.ActiveCfg = Release|Any CPU
		{ECA1973E-692E-47FD-A57D-D8E8CEE7907F}.Release|Any CPU.Build.0 = Release|Any CPU
		{9B0F1E90-0A11-45FE-B43F-F984B6D6C802}.Debug|Any CPU.ActiveCfg = Debug|Any CPU
		{9B0F1E90-0A11-45FE-B43F-F984B6D6C802}.Debug|Any CPU.Build.0 = Debug|Any CPU
		{9B0F1E90-0A11-45FE-B43F-F984B6D6C802}.Release|Any CPU.ActiveCfg = Release|Any CPU
		{9B0F1E90-0A11-45FE-B43F-F984B6D6C802}.Release|Any CPU.Build.0 = Release|Any CPU
		{B51DC330-F734-4BF1-9CE7-8A3DB1B35BC3}.Debug|Any CPU.ActiveCfg = Debug|Any CPU
		{B51DC330-F734-4BF1-9CE7-8A3DB1B35BC3}.Debug|Any CPU.Build.0 = Debug|Any CPU
		{B51DC330-F734-4BF1-9CE7-8A3DB1B35BC3}.Release|Any CPU.ActiveCfg = Release|Any CPU
		{B51DC330-F734-4BF1-9CE7-8A3DB1B35BC3}.Release|Any CPU.Build.0 = Release|Any CPU
		{C4DC610D-9DAC-47C0-99A5-69A0AAFC4EEA}.Debug|Any CPU.ActiveCfg = Debug|Any CPU
		{C4DC610D-9DAC-47C0-99A5-69A0AAFC4EEA}.Debug|Any CPU.Build.0 = Debug|Any CPU
		{C4DC610D-9DAC-47C0-99A5-69A0AAFC4EEA}.Release|Any CPU.ActiveCfg = Release|Any CPU
		{C4DC610D-9DAC-47C0-99A5-69A0AAFC4EEA}.Release|Any CPU.Build.0 = Release|Any CPU
		{458C71C4-F4A7-4974-990C-FEE020611370}.Debug|Any CPU.ActiveCfg = Debug|Any CPU
		{458C71C4-F4A7-4974-990C-FEE020611370}.Debug|Any CPU.Build.0 = Debug|Any CPU
		{458C71C4-F4A7-4974-990C-FEE020611370}.Release|Any CPU.ActiveCfg = Release|Any CPU
		{458C71C4-F4A7-4974-990C-FEE020611370}.Release|Any CPU.Build.0 = Release|Any CPU
		{CEFBC439-F015-4EE6-A2F1-12CE25EC7B4C}.Debug|Any CPU.ActiveCfg = Debug|Any CPU
		{CEFBC439-F015-4EE6-A2F1-12CE25EC7B4C}.Debug|Any CPU.Build.0 = Debug|Any CPU
		{CEFBC439-F015-4EE6-A2F1-12CE25EC7B4C}.Release|Any CPU.ActiveCfg = Release|Any CPU
		{CEFBC439-F015-4EE6-A2F1-12CE25EC7B4C}.Release|Any CPU.Build.0 = Release|Any CPU
		{67AA657B-F1F0-4A0D-A7A7-1BB8075EDCDF}.Debug|Any CPU.ActiveCfg = Debug|Any CPU
		{67AA657B-F1F0-4A0D-A7A7-1BB8075EDCDF}.Debug|Any CPU.Build.0 = Debug|Any CPU
		{67AA657B-F1F0-4A0D-A7A7-1BB8075EDCDF}.Release|Any CPU.ActiveCfg = Release|Any CPU
		{67AA657B-F1F0-4A0D-A7A7-1BB8075EDCDF}.Release|Any CPU.Build.0 = Release|Any CPU
		{A0811F44-0B6E-4736-A321-0308F470A763}.Debug|Any CPU.ActiveCfg = Debug|Any CPU
		{A0811F44-0B6E-4736-A321-0308F470A763}.Debug|Any CPU.Build.0 = Debug|Any CPU
		{A0811F44-0B6E-4736-A321-0308F470A763}.Release|Any CPU.ActiveCfg = Release|Any CPU
		{A0811F44-0B6E-4736-A321-0308F470A763}.Release|Any CPU.Build.0 = Release|Any CPU
		{CBA05BD2-CF02-4D76-9F6B-40D0EAFF32AD}.Debug|Any CPU.ActiveCfg = Debug|Any CPU
		{CBA05BD2-CF02-4D76-9F6B-40D0EAFF32AD}.Debug|Any CPU.Build.0 = Debug|Any CPU
		{CBA05BD2-CF02-4D76-9F6B-40D0EAFF32AD}.Release|Any CPU.ActiveCfg = Release|Any CPU
		{CBA05BD2-CF02-4D76-9F6B-40D0EAFF32AD}.Release|Any CPU.Build.0 = Release|Any CPU
		{F565ED11-B882-4091-97BF-E56580D12643}.Debug|Any CPU.ActiveCfg = Debug|Any CPU
		{F565ED11-B882-4091-97BF-E56580D12643}.Debug|Any CPU.Build.0 = Debug|Any CPU
		{F565ED11-B882-4091-97BF-E56580D12643}.Release|Any CPU.ActiveCfg = Release|Any CPU
		{F565ED11-B882-4091-97BF-E56580D12643}.Release|Any CPU.Build.0 = Release|Any CPU
	EndGlobalSection
	GlobalSection(SolutionProperties) = preSolution
		HideSolutionNode = FALSE
	EndGlobalSection
	GlobalSection(ExtensibilityGlobals) = postSolution
		SolutionGuid = {49A88898-9DDD-45BA-B2C9-12CF1D9652EE}
	EndGlobalSection
EndGlobal
